{
    "_readme": [
        "This file locks the dependencies of your project to a known state",
        "Read more about it at https://getcomposer.org/doc/01-basic-usage.md#installing-dependencies",
        "This file is @generated automatically"
    ],
    "content-hash": "f388ea949f0bf82d56bc5b60a3b04a9b",
    "packages": [
        {
            "name": "shuchkin/simplexlsx",
            "version": "1.1.16",
            "source": {
                "type": "git",
                "url": "https://github.com/shuchkin/simplexlsx.git",
                "reference": "892d449f29d8071e74d9fba00dff832d2627662c"
            },
            "dist": {
                "type": "zip",
                "url": "https://api.github.com/repos/shuchkin/simplexlsx/zipball/892d449f29d8071e74d9fba00dff832d2627662c",
                "reference": "892d449f29d8071e74d9fba00dff832d2627662c",
                "shasum": ""
            },
            "require": {
                "ext-libxml": "*",
                "ext-mbstring": "*",
                "ext-simplexml": "*",
                "ext-zlib": "*",
                "php": ">=5.5"
            },
            "type": "library",
            "autoload": {
                "classmap": [
                    "src/SimpleXLSX.php"
                ]
            },
            "notification-url": "https://packagist.org/downloads/",
            "license": [
                "MIT"
            ],
            "authors": [
                {
                    "name": "Sergey Shuchkin (SMSPILOT)",
                    "email": "sergey.shuchkin@gmail.com",
                    "homepage": "https://github.com/shuchkin"
                }
            ],
            "description": "Parse and retrieve data from Excel XLSx files. MS Excel 2007 workbooks PHP reader.",
            "homepage": "https://github.com/shuchkin/simplexlsx",
            "keywords": [
                "backend",
                "excel",
                "parser",
                "php",
                "reader",
                "xlsx"
            ],
            "support": {
                "issues": "https://github.com/shuchkin/simplexlsx/issues",
                "source": "https://github.com/shuchkin/simplexlsx/tree/1.1.16"
            },
            "time": "2025-12-04T22:19:47+00:00"
        },
        {
            "name": "shuchkin/simplexlsxgen",
            "version": "1.5.17",
            "source": {
                "type": "git",
                "url": "https://github.com/shuchkin/simplexlsxgen.git",
                "reference": "162a4a9b929611d69dbd6f1a7f42af483a87b537"
            },
            "dist": {
                "type": "zip",
                "url": "https://api.github.com/repos/shuchkin/simplexlsxgen/zipball/162a4a9b929611d69dbd6f1a7f42af483a87b537",
                "reference": "162a4a9b929611d69dbd6f1a7f42af483a87b537",
                "shasum": ""
            },
            "require": {
                "ext-mbstring": "*",
                "ext-zlib": "*",
                "php": ">=5.4"
            },
            "type": "library",
            "autoload": {
                "classmap": [
                    "src/SimpleXLSXGen.php"
                ]
            },
            "notification-url": "https://packagist.org/downloads/",
            "license": [
                "MIT"
            ],
            "authors": [
                {
                    "name": "Sergey Shuchkin (SMSPILOT)",
                    "email": "sergey.shuchkin@gmail.com",
                    "homepage": "https://shuchkin.ru/"
                }
            ],
            "description": "Export data to Excel XLSx file. PHP XLSX generator.",
            "homepage": "https://github.com/shuchkin/simplexlsxgen",
            "keywords": [
                "backend",
                "creator",
                "excel",
                "generator",
                "php",
                "writer",
                "xlsx"
            ],
            "support": {
                "issues": "https://github.com/shuchkin/simplexlsxgen/issues",
                "source": "https://github.com/shuchkin/simplexlsxgen/tree/1.5.17"
            },
            "time": "2026-05-03T13:04:04+00:00"
        }
    ],
    "packages-dev": [
        {
            "name": "phpstan/phpstan",
            "version": "2.2.5",
            "dist": {
                "type": "zip",
                "url": "https://api.github.com/repos/phpstan/phpstan/zipball/909c1e5fef7989ac0d0c1c5c42e32a5c4f6198a0",
                "reference": "909c1e5fef7989ac0d0c1c5c42e32a5c4f6198a0",
                "shasum": ""
            },
            "require": {
                "php": "^7.4|^8.0"
            },
            "conflict": {
                "phpstan/phpstan-shim": "*"
            },
            "bin": [
                "phpstan",
                "phpstan.phar"
            ],
            "type": "library",
            "autoload": {
                "files": [
                    "bootstrap.php"
                ]
            },
            "notification-url": "https://packagist.org/downloads/",
            "license": [
                "MIT"
            ],
            "authors": [
                {
                    "name": "Ondřej Mirtes"
                },
                {
                    "name": "Markus Staab"
                },
                {
                    "name": "Vincent Langlet"
                }
            ],
            "description": "PHPStan - PHP Static Analysis Tool",
            "keywords": [
                "dev",
                "static analysis"
            ],
            "support": {
                "docs": "https://phpstan.org/user-guide/getting-started",
                "forum": "https://github.com/phpstan/phpstan/discussions",
                "issues": "https://github.com/phpstan/phpstan/issues",
                "security": "https://github.com/phpstan/phpstan/security/policy",
                "source": "https://github.com/phpstan/phpstan-src"
            },
            "funding": [
                {
                    "url": "https://github.com/ondrejmirtes",
                    "type": "github"
                },
                {
                    "url": "https://github.com/phpstan",
                    "type": "github"
                }
            ],
            "time": "2026-07-05T06:31:06+00:00"
        }
    ],
    "aliases": [],
    "minimum-stability": "stable",
    "stability-flags": [],
    "prefer-stable": false,
    "prefer-lowest": false,
    "platform": [],
    "platform-dev": [],
    "plugin-api-version": "2.6.0"
}
